# @generated by Move, please check-in and do not edit manually.

[move]
version = 2
manifest_digest = "CA7DCED3A870CB3C1BF8CDF9D4F5AE71F32B43A2A00C37C94F96189783C48A07"
deps_digest = "F8BBB0CCB2491CA29A3DF03D6F92277A4F3574266507ACD77214D37ECA3F3082"
dependencies = [
  { name = "Sui" },
]

[[move.package]]
name = "MoveStdlib"
source = { local = "/Users/hedong/.move/https___github_com_MystenLabs_sui_git_framework__testnet/crates/sui-framework/packages/move-stdlib" }

[[move.package]]
name = "Sui"
source = { local = "/Users/hedong/.move/https___github_com_MystenLabs_sui_git_framework__testnet/crates/sui-framework/packages/sui-framework" }

dependencies = [
  { name = "MoveStdlib" },
]

[move.toolchain-version]
compiler-version = "1.26.0"
edition = "2024.beta"
flavor = "sui"

[env]

[env.testnet]
chain-id = "4c78adac"
original-published-id = "0x0058fc429deeb8c607e90e06b372b1e56656e60fa65e250a26b4cbe0f8329116"
latest-published-id = "0x0058fc429deeb8c607e90e06b372b1e56656e60fa65e250a26b4cbe0f8329116"
published-version = "1"
